github.com/yalue/onnxruntime_go v1.17.0 h1:nC8AFbmaq9E2gxtxutGPzK/LGCrtnnu7LTGl82YuQzw=
github.com/yalue/onnxruntime_go v1.17.0/go.mod h1:b4X26A8pekNb1ACJ58wAXgNKeUCGEAQ9dmACut9Sm/4=
gocv.io/x/gocv v0.43.0 h1:PFNpRUcV8fgBRDbVHHN+4BDZjjPnVveo5N/+e15BTuA=
gocv.io/x/gocv v0.43.0/go.mod h1:zYdWMj29WAEznM3Y8NsU3A0TRq/wR/cy75jeUypThqU=
